// !$*UTF8*$!
{
	archiveVersion = 1;
	classes = {
	};
	objectVersion = 77;
	objects = {

/* Begin PBXContainerItemProxy section */
		2FBEEDA32DC62E6500E1F5C8 /* PBXContainerItemProxy */ = {
			isa = PBXContainerItemProxy;
			containerPortal = 2FBEED8D2DC62E6200E1F5C8 /* Project object */;
			proxyType = 1;
			remoteGlobalIDString = 2FBEED942DC62E6200E1F5C8;
			remoteInfo = "Carousel1-SwiftUI";
		};
		2FBEEDAD2DC62E6500E1F5C8 /* PBXContainerItemProxy */ = {
			isa = PBXContainerItemProxy;
			containerPortal = 2FBEED8D2DC62E6200E1F5C8 /* Project object */;
			proxyType = 1;
			remoteGlobalIDString = 2FBEED942DC62E6200E1F5C8;
			remoteInfo = "Carousel1-SwiftUI";
		};
/* End PBXContainerItemProxy section */

/* Begin PBXFileReference section */
		2FBEED952DC62E6200E1F5C8 /* Carousel1-SwiftUI.app */ = {isa = PBXFileReference; explicitFileType = wrapper.application; includeInIndex = 0; path = "Carousel1-SwiftUI.app"; sourceTree = BUILT_PRODUCTS_DIR; };
		2FBEEDA22DC62E6500E1F5C8 /* Carousel1-SwiftUITests.xctest */ = {isa = PBXFileReference; explicitFileType = wrapper.cfbundle; includeInIndex = 0; path = "Carousel1-SwiftUITests.xctest"; sourceTree = BUILT_PRODUCTS_DIR; };
		2FBEEDAC2DC62E6500E1F5C8 /* Carousel1-SwiftUIUITests.xctest */ = {isa = PBXFileReference; explicitFileType = wrapper.cfbundle; includeInIndex = 0; path = "Carousel1-SwiftUIUITests.xctest"; sourceTree = BUILT_PRODUCTS_DIR; };
/* End PBXFileReference section */

/* Begin PBXFileSystemSynchronizedRootGroup section */
		2FBEED972DC62E6200E1F5C8 /* Carousel1-SwiftUI */ = {
			isa = PBXFileSystemSynchronizedRootGroup;
			path = "Carousel1-SwiftUI";
			sourceTree = "<group>";
		};
		2FBEEDA52DC62E6500E1F5C8 /* Carousel1-SwiftUITests */ = {
			isa = PBXFileSystemSynchronizedRootGroup;
			path = "Carousel1-SwiftUITests";
			sourceTree = "<group>";
		};
		2FBEEDAF2DC62E6500E1F5C8 /* Carousel1-SwiftUIUITests */ = {
			isa = PBXFileSystemSynchronizedRootGroup;
			path = "Carousel1-SwiftUIUITests";
			sourceTree = "<group>";
		};
/* End PBXFileSystemSynchronizedRootGroup section */

/* Begin PBXFrameworksBuildPhase section */
		2FBEED922DC62E6200E1F5C8 /* Frameworks */ = {
			isa = PBXFrameworksBuildPhase;
			buildActionMask = 2147483647;
			files = (
			);
			runOnlyForDeploymentPostprocessing = 0;
		};
		2FBEED9F2DC62E6500E1F5C8 /* Frameworks */ = {
			isa = PBXFrameworksBuildPhase;
			buildActionMask = 2147483647;
			files = (
			);
			runOnlyForDeploymentPostprocessing = 0;
		};
		2FBEEDA92DC62E6500E1F5C8 /* Frameworks */ = {
			isa = PBXFrameworksBuildPhase;
			buildActionMask = 2147483647;
			files = (
			);
			runOnlyForDeploymentPostprocessing = 0;
		};
/* End PBXFrameworksBuildPhase section */

/* Begin PBXGroup section */
		2FBEED8C2DC62E6200E1F5C8 = {
			isa = PBXGroup;
			children = (
				2FBEED972DC62E6200E1F5C8 /* Carousel1-SwiftUI */,
				2FBEEDA52DC62E6500E1F5C8 /* Carousel1-SwiftUITests */,
				2FBEEDAF2DC62E6500E1F5C8 /* Carousel1-SwiftUIUITests */,
				2FBEED962DC62E6200E1F5C8 /* Products */,
			);
			sourceTree = "<group>";
		};
		2FBEED962DC62E6200E1F5C8 /* Products */ = {
			isa = PBXGroup;
			children = (
				2FBEED952DC62E6200E1F5C8 /* Carousel1-SwiftUI.app */,
				2FBEEDA22DC62E6500E1F5C8 /* Carousel1-SwiftUITests.xctest */,
				2FBEEDAC2DC62E6500E1F5C8 /* Carousel1-SwiftUIUITests.xctest */,
			);
			name = Products;
			sourceTree = "<group>";
		};
/* End PBXGroup section */

/* Begin PBXNativeTarget section */
		2FBEED942DC62E6200E1F5C8 /* Carousel1-SwiftUI */ = {
			isa = PBXNativeTarget;
			buildConfigurationList = 2FBEEDB62DC62E6500E1F5C8 /* Build configuration list for PBXNativeTarget "Carousel1-SwiftUI" */;
			buildPhases = (
				2FBEED912DC62E6200E1F5C8 /* Sources */,
				2FBEED922DC62E6200E1F5C8 /* Frameworks */,
				2FBEED932DC62E6200E1F5C8 /* Resources */,
			);
			buildRules = (
			);
			dependencies = (
			);
			fileSystemSynchronizedGroups = (
				2FBEED972DC62E6200E1F5C8 /* Carousel1-SwiftUI */,
			);
			name = "Carousel1-SwiftUI";
			packageProductDependencies = (
			);
			productName = "Carousel1-SwiftUI";
			productReference = 2FBEED952DC62E6200E1F5C8 /* Carousel1-SwiftUI.app */;
			productType = "com.apple.product-type.application";
		};
		2FBEEDA12DC62E6500E1F5C8 /* Carousel1-SwiftUITests */ = {
			isa = PBXNativeTarget;
			buildConfigurationList = 2FBEEDB92DC62E6500E1F5C8 /* Build configuration list for PBXNativeTarget "Carousel1-SwiftUITests" */;
			buildPhases = (
				2FBEED9E2DC62E6500E1F5C8 /* Sources */,
				2FBEED9F2DC62E6500E1F5C8 /* Frameworks */,
				2FBEEDA02DC62E6500E1F5C8 /* Resources */,
			);
			buildRules = (
			);
			dependencies = (
				2FBEEDA42DC62E6500E1F5C8 /* PBXTargetDependency */,
			);
			fileSystemSynchronizedGroups = (
				2FBEEDA52DC62E6500E1F5C8 /* Carousel1-SwiftUITests */,
			);
			name = "Carousel1-SwiftUITests";
			packageProductDependencies = (
			);
			productName = "Carousel1-SwiftUITests";
			productReference = 2FBEEDA22DC62E6500E1F5C8 /* Carousel1-SwiftUITests.xctest */;
			productType = "com.apple.product-type.bundle.unit-test";
		};
		2FBEEDAB2DC62E6500E1F5C8 /* Carousel1-SwiftUIUITests */ = {
			isa = PBXNativeTarget;
			buildConfigurationList = 2FBEEDBC2DC62E6500E1F5C8 /* Build configuration list for PBXNativeTarget "Carousel1-SwiftUIUITests" */;
			buildPhases = (
				2FBEEDA82DC62E6500E1F5C8 /* Sources */,
				2FBEEDA92DC62E6500E1F5C8 /* Frameworks */,
				2FBEEDAA2DC62E6500E1F5C8 /* Resources */,
			);
			buildRules = (
			);
			dependencies = (
				2FBEEDAE2DC62E6500E1F5C8 /* PBXTargetDependency */,
			);
			fileSystemSynchronizedGroups = (
				2FBEEDAF2DC62E6500E1F5C8 /* Carousel1-SwiftUIUITests */,
			);
			name = "Carousel1-SwiftUIUITests";
			packageProductDependencies = (
			);
			productName = "Carousel1-SwiftUIUITests";
			productReference = 2FBEEDAC2DC62E6500E1F5C8 /* Carousel1-SwiftUIUITests.xctest */;
			productType = "com.apple.product-type.bundle.ui-testing";
		};
/* End PBXNativeTarget section */

/* Begin PBXProject section */
		2FBEED8D2DC62E6200E1F5C8 /* Project object */ = {
			isa = PBXProject;
			attributes = {
				BuildIndependentTargetsInParallel = 1;
				LastSwiftUpdateCheck = 1630;
				LastUpgradeCheck = 1630;
				TargetAttributes = {
					2FBEED942DC62E6200E1F5C8 = {
						CreatedOnToolsVersion = 16.3;
					};
					2FBEEDA12DC62E6500E1F5C8 = {
						CreatedOnToolsVersion = 16.3;
						TestTargetID = 2FBEED942DC62E6200E1F5C8;
					};
					2FBEEDAB2DC62E6500E1F5C8 = {
						CreatedOnToolsVersion = 16.3;
						TestTargetID = 2FBEED942DC62E6200E1F5C8;
					};
				};
			};
			buildConfigurationList = 2FBEED902DC62E6200E1F5C8 /* Build configuration list for PBXProject "Carousel1-SwiftUI" */;
			developmentRegion = en;
			hasScannedForEncodings = 0;
			knownRegions = (
				en,
				Base,
			);
			mainGroup = 2FBEED8C2DC62E6200E1F5C8;
			minimizedProjectReferenceProxies = 1;
			preferredProjectObjectVersion = 77;
			productRefGroup = 2FBEED962DC62E6200E1F5C8 /* Products */;
			projectDirPath = "";
			projectRoot = "";
			targets = (
				2FBEED942DC62E6200E1F5C8 /* Carousel1-SwiftUI */,
				2FBEEDA12DC62E6500E1F5C8 /* Carousel1-SwiftUITests */,
				2FBEEDAB2DC62E6500E1F5C8 /* Carousel1-SwiftUIUITests */,
			);
		};
/* End PBXProject section */

/* Begin PBXResourcesBuildPhase section */
		2FBEED932DC62E6200E1F5C8 /* Resources */ = {
			isa = PBXResourcesBuildPhase;
			buildActionMask = 2147483647;
			files = (
			);
			runOnlyForDeploymentPostprocessing = 0;
		};
		2FBEEDA02DC62E6500E1F5C8 /* Resources */ = {
			isa = PBXResourcesBuildPhase;
			buildActionMask = 2147483647;
			files = (
			);
			runOnlyForDeploymentPostprocessing = 0;
		};
		2FBEEDAA2DC62E6500E1F5C8 /* Resources */ = {
			isa = PBXResourcesBuildPhase;
			buildActionMask = 2147483647;
			files = (
			);
			runOnlyForDeploymentPostprocessing = 0;
		};
/* End PBXResourcesBuildPhase section */

/* Begin PBXSourcesBuildPhase section */
		2FBEED912DC62E6200E1F5C8 /* Sources */ = {
			isa = PBXSourcesBuildPhase;
			buildActionMask = 2147483647;
			files = (
			);
			runOnlyForDeploymentPostprocessing = 0;
		};
		2FBEED9E2DC62E6500E1F5C8 /* Sources */ = {
			isa = PBXSourcesBuildPhase;
			buildActionMask = 2147483647;
			files = (
			);
			runOnlyForDeploymentPostprocessing = 0;
		};
		2FBEEDA82DC62E6500E1F5C8 /* Sources */ = {
			isa = PBXSourcesBuildPhase;
			buildActionMask = 2147483647;
			files = (
			);
			runOnlyForDeploymentPostprocessing = 0;
		};
/* End PBXSourcesBuildPhase section */

/* Begin PBXTargetDependency section */
		2FBEEDA42DC62E6500E1F5C8 /* PBXTargetDependency */ = {
			isa = PBXTargetDependency;
			target = 2FBEED942DC62E6200E1F5C8 /* Carousel1-SwiftUI */;
			targetProxy = 2FBEEDA32DC62E6500E1F5C8 /* PBXContainerItemProxy */;
		};
		2FBEEDAE2DC62E6500E1F5C8 /* PBXTargetDependency */ = {
			isa = PBXTargetDependency;
			target = 2FBEED942DC62E6200E1F5C8 /* Carousel1-SwiftUI */;
			targetProxy = 2FBEEDAD2DC62E6500E1F5C8 /* PBXContainerItemProxy */;
		};
/* End PBXTargetDependency section */

/* Begin XCBuildConfiguration section */
		2FBEEDB42DC62E6500E1F5C8 /* Debug */ = {
			isa = XCBuildConfiguration;
			buildSettings = {
				ALWAYS_SEARCH_USER_PATHS = NO;
				ASSETCATALOG_COMPILER_GENERATE_SWIFT_ASSET_SYMBOL_EXTENSIONS = YES;
				CLANG_ANALYZER_NONNULL = YES;
				CLANG_ANALYZER_NUMBER_OBJECT_CONVERSION = YES_AGGRESSIVE;
				CLANG_CXX_LANGUAGE_STANDARD = "gnu++20";
				CLANG_ENABLE_MODULES = YES;
				CLANG_ENABLE_OBJC_ARC = YES;
				CLANG_ENABLE_OBJC_WEAK = YES;
				CLANG_WARN_BLOCK_CAPTURE_AUTORELEASING = YES;
				CLANG_WARN_BOOL_CONVERSION = YES;
				CLANG_WARN_COMMA = YES;
				CLANG_WARN_CONSTANT_CONVERSION = YES;
				CLANG_WARN_DEPRECATED_OBJC_IMPLEMENTATIONS = YES;
				CLANG_WARN_DIRECT_OBJC_ISA_USAGE = YES_ERROR;
				CLANG_WARN_DOCUMENTATION_COMMENTS = YES;
				CLANG_WARN_EMPTY_BODY = YES;
				CLANG_WARN_ENUM_CONVERSION = YES;
				CLANG_WARN_INFINITE_RECURSION = YES;
				CLANG_WARN_INT_CONVERSION = YES;
				CLANG_WARN_NON_LITERAL_NULL_CONVERSION = YES;
				CLANG_WARN_OBJC_IMPLICIT_RETAIN_SELF = YES;
				CLANG_WARN_OBJC_LITERAL_CONVERSION = YES;
				CLANG_WARN_OBJC_ROOT_CLASS = YES_ERROR;
				CLANG_WARN_QUOTED_INCLUDE_IN_FRAMEWORK_HEADER = YES;
				CLANG_WARN_RANGE_LOOP_ANALYSIS = YES;
				CLANG_WARN_STRICT_PROTOTYPES = YES;
				CLANG_WARN_SUSPICIOUS_MOVE = YES;
				CLANG_WARN_UNGUARDED_AVAILABILITY = YES_AGGRESSIVE;
				CLANG_WARN_UNREACHABLE_CODE = YES;
				CLANG_WARN__DUPLICATE_METHOD_MATCH = YES;
				COPY_PHASE_STRIP = NO;
				DEBUG_INFORMATION_FORMAT = dwarf;
				ENABLE_STRICT_OBJC_MSGSEND = YES;
				ENABLE_TESTABILITY = YES;
				ENABLE_USER_SCRIPT_SANDBOXING = YES;
				GCC_C_LANGUAGE_STANDARD = gnu17;
				GCC_DYNAMIC_NO_PIC = NO;
				GCC_NO_COMMON_BLOCKS = YES;
				GCC_OPTIMIZATION_LEVEL = 0;
				GCC_PREPROCESSOR_DEFINITIONS = (
					"DEBUG=1",
					"$(inherited)",
				);
				GCC_WARN_64_TO_32_BIT_CONVERSION = YES;
				GCC_WARN_ABOUT_RETURN_TYPE = YES_ERROR;
				GCC_WARN_UNDECLARED_SELECTOR = YES;
				GCC_WARN_UNINITIALIZED_AUTOS = YES_AGGRESSIVE;
				GCC_WARN_UNUSED_FUNCTION = YES;
				GCC_WARN_UNUSED_VARIABLE = YES;
				IPHONEOS_DEPLOYMENT_TARGET = 18.4;
				LOCALIZATION_PREFERS_STRING_CATALOGS = YES;
				MTL_ENABLE_DEBUG_INFO = INCLUDE_SOURCE;
				MTL_FAST_MATH = YES;
				ONLY_ACTIVE_ARCH = YES;
				SDKROOT = iphoneos;
				SWIFT_ACTIVE_COMPILATION_CONDITIONS = "DEBUG $(inherited)";
				SWIFT_OPTIMIZATION_LEVEL = "-Onone";
			};
			name = Debug;
		};
		2FBEEDB52DC62E6500E1F5C8 /* Release */ = {
			isa = XCBuildConfiguration;
			buildSettings = {
				ALWAYS_SEARCH_USER_PATHS = NO;
				ASSETCATALOG_COMPILER_GENERATE_SWIFT_ASSET_SYMBOL_EXTENSIONS = YES;
				CLANG_ANALYZER_NONNULL = YES;
				CLANG_ANALYZER_NUMBER_OBJECT_CONVERSION = YES_AGGRESSIVE;
				CLANG_CXX_LANGUAGE_STANDARD = "gnu++20";
				CLANG_ENABLE_MODULES = YES;
				CLANG_ENABLE_OBJC_ARC = YES;
				CLANG_ENABLE_OBJC_WEAK = YES;
				CLANG_WARN_BLOCK_CAPTURE_AUTORELEASING = YES;
				CLANG_WARN_BOOL_CONVERSION = YES;
				CLANG_WARN_COMMA = YES;
				CLANG_WARN_CONSTANT_CONVERSION = YES;
				CLANG_WARN_DEPRECATED_OBJC_IMPLEMENTATIONS = YES;
				CLANG_WARN_DIRECT_OBJC_ISA_USAGE = YES_ERROR;
				CLANG_WARN_DOCUMENTATION_COMMENTS = YES;
				CLANG_WARN_EMPTY_BODY = YES;
				CLANG_WARN_ENUM_CONVERSION = YES;
				CLANG_WARN_INFINITE_RECURSION = YES;
				CLANG_WARN_INT_CONVERSION = YES;
				CLANG_WARN_NON_LITERAL_NULL_CONVERSION = YES;
				CLANG_WARN_OBJC_IMPLICIT_RETAIN_SELF = YES;
				CLANG_WARN_OBJC_LITERAL_CONVERSION = YES;
				CLANG_WARN_OBJC_ROOT_CLASS = YES_ERROR;
				CLANG_WARN_QUOTED_INCLUDE_IN_FRAMEWORK_HEADER = YES;
				CLANG_WARN_RANGE_LOOP_ANALYSIS = YES;
				CLANG_WARN_STRICT_PROTOTYPES = YES;
				CLANG_WARN_SUSPICIOUS_MOVE = YES;
				CLANG_WARN_UNGUARDED_AVAILABILITY = YES_AGGRESSIVE;
				CLANG_WARN_UNREACHABLE_CODE = YES;
				CLANG_WARN__DUPLICATE_METHOD_MATCH = YES;
				COPY_PHASE_STRIP = NO;
				DEBUG_INFORMATION_FORMAT = "dwarf-with-dsym";
				ENABLE_NS_ASSERTIONS = NO;
				ENABLE_STRICT_OBJC_MSGSEND = YES;
				ENABLE_USER_SCRIPT_SANDBOXING = YES;
				GCC_C_LANGUAGE_STANDARD = gnu17;
				GCC_NO_COMMON_BLOCKS = YES;
				GCC_WARN_64_TO_32_BIT_CONVERSION = YES;
				GCC_WARN_ABOUT_RETURN_TYPE = YES_ERROR;
				GCC_WARN_UNDECLARED_SELECTOR = YES;
				GCC_WARN_UNINITIALIZED_AUTOS = YES_AGGRESSIVE;
				GCC_WARN_UNUSED_FUNCTION = YES;
				GCC_WARN_UNUSED_VARIABLE = YES;
				IPHONEOS_DEPLOYMENT_TARGET = 18.4;
				LOCALIZATION_PREFERS_STRING_CATALOGS = YES;
				MTL_ENABLE_DEBUG_INFO = NO;
				MTL_FAST_MATH = YES;
				SDKROOT = iphoneos;
				SWIFT_COMPILATION_MODE = wholemodule;
				VALIDATE_PRODUCT = YES;
			};
			name = Release;
		};
		2FBEEDB72DC62E6500E1F5C8 /* Debug */ = {
			isa = XCBuildConfiguration;
			buildSettings = {
				ASSETCATALOG_COMPILER_APPICON_NAME = AppIcon;
				ASSETCATALOG_COMPILER_GLOBAL_ACCENT_COLOR_NAME = AccentColor;
				CODE_SIGN_STYLE = Automatic;
				CURRENT_PROJECT_VERSION = 1;
				ENABLE_PREVIEWS = YES;
				GENERATE_INFOPLIST_FILE = YES;
				INFOPLIST_KEY_UIApplicationSceneManifest_Generation = YES;
				INFOPLIST_KEY_UIApplicationSupportsIndirectInputEvents = YES;
				INFOPLIST_KEY_UILaunchScreen_Generation = YES;
				INFOPLIST_KEY_UISupportedInterfaceOrientations_iPad = "UIInterfaceOrientationPortrait UIInterfaceOrientationPortraitUpsideDown UIInterfaceOrientationLandscapeLeft UIInterfaceOrientationLandscapeRight";
				INFOPLIST_KEY_UISupportedInterfaceOrientations_iPhone = "UIInterfaceOrientationPortrait UIInterfaceOrientationLandscapeLeft UIInterfaceOrientationLandscapeRight";
				LD_RUNPATH_SEARCH_PATHS = (
					"$(inherited)",
					"@executable_path/Frameworks",
				);
				MARKETING_VERSION = 1.0;
				PRODUCT_BUNDLE_IDENTIFIER = "nimishmothghare.Carousel1-SwiftUI";
				PRODUCT_NAME = "$(TARGET_NAME)";
				SWIFT_EMIT_LOC_STRINGS = YES;
				SWIFT_VERSION = 5.0;
				TARGETED_DEVICE_FAMILY = "1,2";
			};
			name = Debug;
		};
		2FBEEDB82DC62E6500E1F5C8 /* Release */ = {
			isa = XCBuildConfiguration;
			buildSettings = {
				ASSETCATALOG_COMPILER_APPICON_NAME = AppIcon;
				ASSETCATALOG_COMPILER_GLOBAL_ACCENT_COLOR_NAME = AccentColor;
				CODE_SIGN_STYLE = Automatic;
				CURRENT_PROJECT_VERSION = 1;
				ENABLE_PREVIEWS = YES;
				GENERATE_INFOPLIST_FILE = YES;
				INFOPLIST_KEY_UIApplicationSceneManifest_Generation = YES;
				INFOPLIST_KEY_UIApplicationSupportsIndirectInputEvents = YES;
				INFOPLIST_KEY_UILaunchScreen_Generation = YES;
				INFOPLIST_KEY_UISupportedInterfaceOrientations_iPad = "UIInterfaceOrientationPortrait UIInterfaceOrientationPortraitUpsideDown UIInterfaceOrientationLandscapeLeft UIInterfaceOrientationLandscapeRight";
				INFOPLIST_KEY_UISupportedInterfaceOrientations_iPhone = "UIInterfaceOrientationPortrait UIInterfaceOrientationLandscapeLeft UIInterfaceOrientationLandscapeRight";
				LD_RUNPATH_SEARCH_PATHS = (
					"$(inherited)",
					"@executable_path/Frameworks",
				);
				MARKETING_VERSION = 1.0;
				PRODUCT_BUNDLE_IDENTIFIER = "nimishmothghare.Carousel1-SwiftUI";
				PRODUCT_NAME = "$(TARGET_NAME)";
				SWIFT_EMIT_LOC_STRINGS = YES;
				SWIFT_VERSION = 5.0;
				TARGETED_DEVICE_FAMILY = "1,2";
			};
			name = Release;
		};
		2FBEEDBA2DC62E6500E1F5C8 /* Debug */ = {
			isa = XCBuildConfiguration;
			buildSettings = {
				BUNDLE_LOADER = "$(TEST_HOST)";
				CODE_SIGN_STYLE = Automatic;
				CURRENT_PROJECT_VERSION = 1;
				GENERATE_INFOPLIST_FILE = YES;
				IPHONEOS_DEPLOYMENT_TARGET = 18.4;
				MARKETING_VERSION = 1.0;
				PRODUCT_BUNDLE_IDENTIFIER = "nimishmothghare.Carousel1-SwiftUITests";
				PRODUCT_NAME = "$(TARGET_NAME)";
				SWIFT_EMIT_LOC_STRINGS = NO;
				SWIFT_VERSION = 5.0;
				TARGETED_DEVICE_FAMILY = "1,2";
				TEST_HOST = "$(BUILT_PRODUCTS_DIR)/Carousel1-SwiftUI.app/$(BUNDLE_EXECUTABLE_FOLDER_PATH)/Carousel1-SwiftUI";
			};
			name = Debug;
		};
		2FBEEDBB2DC62E6500E1F5C8 /* Release */ = {
			isa = XCBuildConfiguration;
			buildSettings = {
				BUNDLE_LOADER = "$(TEST_HOST)";
				CODE_SIGN_STYLE = Automatic;
				CURRENT_PROJECT_VERSION = 1;
				GENERATE_INFOPLIST_FILE = YES;
				IPHONEOS_DEPLOYMENT_TARGET = 18.4;
				MARKETING_VERSION = 1.0;
				PRODUCT_BUNDLE_IDENTIFIER = "nimishmothghare.Carousel1-SwiftUITests";
				PRODUCT_NAME = "$(TARGET_NAME)";
				SWIFT_EMIT_LOC_STRINGS = NO;
				SWIFT_VERSION = 5.0;
				TARGETED_DEVICE_FAMILY = "1,2";
				TEST_HOST = "$(BUILT_PRODUCTS_DIR)/Carousel1-SwiftUI.app/$(BUNDLE_EXECUTABLE_FOLDER_PATH)/Carousel1-SwiftUI";
			};
			name = Release;
		};
		2FBEEDBD2DC62E6500E1F5C8 /* Debug */ = {
			isa = XCBuildConfiguration;
			buildSettings = {
				CODE_SIGN_STYLE = Automatic;
				CURRENT_PROJECT_VERSION = 1;
				GENERATE_INFOPLIST_FILE = YES;
				MARKETING_VERSION = 1.0;
				PRODUCT_BUNDLE_IDENTIFIER = "nimishmothghare.Carousel1-SwiftUIUITests";
				PRODUCT_NAME = "$(TARGET_NAME)";
				SWIFT_EMIT_LOC_STRINGS = NO;
				SWIFT_VERSION = 5.0;
				TARGETED_DEVICE_FAMILY = "1,2";
				TEST_TARGET_NAME = "Carousel1-SwiftUI";
			};
			name = Debug;
		};
		2FBEEDBE2DC62E6500E1F5C8 /* Release */ = {
			isa = XCBuildConfiguration;
			buildSettings = {
				CODE_SIGN_STYLE = Automatic;
				CURRENT_PROJECT_VERSION = 1;
				GENERATE_INFOPLIST_FILE = YES;
				MARKETING_VERSION = 1.0;
				PRODUCT_BUNDLE_IDENTIFIER = "nimishmothghare.Carousel1-SwiftUIUITests";
				PRODUCT_NAME = "$(TARGET_NAME)";
				SWIFT_EMIT_LOC_STRINGS = NO;
				SWIFT_VERSION = 5.0;
				TARGETED_DEVICE_FAMILY = "1,2";
				TEST_TARGET_NAME = "Carousel1-SwiftUI";
			};
			name = Release;
		};
/* End XCBuildConfiguration section */

/* Begin XCConfigurationList section */
		2FBEED902DC62E6200E1F5C8 /* Build configuration list for PBXProject "Carousel1-SwiftUI" */ = {
			isa = XCConfigurationList;
			buildConfigurations = (
				2FBEEDB42DC62E6500E1F5C8 /* Debug */,
				2FBEEDB52DC62E6500E1F5C8 /* Release */,
			);
			defaultConfigurationIsVisible = 0;
			defaultConfigurationName = Release;
		};
		2FBEEDB62DC62E6500E1F5C8 /* Build configuration list for PBXNativeTarget "Carousel1-SwiftUI" */ = {
			isa = XCConfigurationList;
			buildConfigurations = (
				2FBEEDB72DC62E6500E1F5C8 /* Debug */,
				2FBEEDB82DC62E6500E1F5C8 /* Release */,
			);
			defaultConfigurationIsVisible = 0;
			defaultConfigurationName = Release;
		};
		2FBEEDB92DC62E6500E1F5C8 /* Build configuration list for PBXNativeTarget "Carousel1-SwiftUITests" */ = {
			isa = XCConfigurationList;
			buildConfigurations = (
				2FBEEDBA2DC62E6500E1F5C8 /* Debug */,
				2FBEEDBB2DC62E6500E1F5C8 /* Release */,
			);
			defaultConfigurationIsVisible = 0;
			defaultConfigurationName = Release;
		};
		2FBEEDBC2DC62E6500E1F5C8 /* Build configuration list for PBXNativeTarget "Carousel1-SwiftUIUITests" */ = {
			isa = XCConfigurationList;
			buildConfigurations = (
				2FBEEDBD2DC62E6500E1F5C8 /* Debug */,
				2FBEEDBE2DC62E6500E1F5C8 /* Release */,
			);
			defaultConfigurationIsVisible = 0;
			defaultConfigurationName = Release;
		};
/* End XCConfigurationList section */
	};
	rootObject = 2FBEED8D2DC62E6200E1F5C8 /* Project object */;
}
